
Microsoft Visual Studio Solution File, Format Version 12.00
# Visual Studio Version 17
VisualStudioVersion = 17.9.34701.34
MinimumVisualStudioVersion = 10.0.40219.1
Project("{FAE04EC0-301F-11D3-BF4B-00C04F79EFBC}") = "SaveUrShowUsingCFA", "BookShowDemo\SaveUrShowUsingCFA.csproj", "{DEBAADF1-07E2-407F-A099-2C880235D33B}"
EndProject
Global
	GlobalSection(SolutionConfigurationPlatforms) = preSolution
		Debug|Any CPU = Debug|Any CPU
		Release|Any CPU = Release|Any CPU
	EndGlobalSection
	GlobalSection(ProjectConfigurationPlatforms) = postSolution
		{DEBAADF1-07E2-407F-A099-2C880235D33B}.Debug|Any CPU.ActiveCfg = Debug|Any CPU
		{DEBAADF1-07E2-407F-A099-2C880235D33B}.Debug|Any CPU.Build.0 = Debug|Any CPU
		{DEBAADF1-07E2-407F-A099-2C880235D33B}.Release|Any CPU.ActiveCfg = Release|Any CPU
		{DEBAADF1-07E2-407F-A099-2C880235D33B}.Release|Any CPU.Build.0 = Release|Any CPU
	EndGlobalSection
	GlobalSection(SolutionProperties) = preSolution
		HideSolutionNode = FALSE
	EndGlobalSection
	GlobalSection(ExtensibilityGlobals) = postSolution
		SolutionGuid = {2A0C7A4B-DF50-49B3-8884-39628B1F4AED}
	EndGlobalSection
EndGlobal
